
Microsoft Visual Studio Solution File, Format Version 12.00
# Visual Studio Version 16
VisualStudioVersion = 16.0.30002.166
MinimumVisualStudioVersion = 10.0.40219.1
Project("{FAE04EC0-301F-11D3-BF4B-00C04F79EFBC}") = "SeyahatSitem", "SeyahatSitem.csproj", "{58D8AD4E-3DAA-451B-A352-FA26498AEE53}"
EndProject
Global
	GlobalSection(SolutionConfigurationPlatforms) = preSolution
		Debug|Any CPU = Debug|Any CPU
		Release|Any CPU = Release|Any CPU
	EndGlobalSection
	GlobalSection(ProjectConfigurationPlatforms) = postSolution
		{58D8AD4E-3DAA-451B-A352-FA26498AEE53}.Debug|Any CPU.ActiveCfg = Debug|Any CPU
		{58D8AD4E-3DAA-451B-A352-FA26498AEE53}.Debug|Any CPU.Build.0 = Debug|Any CPU
		{58D8AD4E-3DAA-451B-A352-FA26498AEE53}.Release|Any CPU.ActiveCfg = Release|Any CPU
		{58D8AD4E-3DAA-451B-A352-FA26498AEE53}.Release|Any CPU.Build.0 = Release|Any CPU
	EndGlobalSection
	GlobalSection(SolutionProperties) = preSolution
		HideSolutionNode = FALSE
	EndGlobalSection
	GlobalSection(ExtensibilityGlobals) = postSolution
		SolutionGuid = {F7378153-9563-427A-BE17-24A372DB15FD}
	EndGlobalSection
EndGlobal
